
Microsoft Visual Studio Solution File, Format Version 12.00
# Visual Studio Version 17
VisualStudioVersion = 17.7.34009.444
MinimumVisualStudioVersion = 10.0.40219.1
Project("{FAE04EC0-301F-11D3-BF4B-00C04F79EFBC}") = "addrotetorcontrol", "addrotetorcontrol\addrotetorcontrol.csproj", "{C9C0B0C1-AFDC-4C39-9292-36DB3E8B8378}"
EndProject
Global
	GlobalSection(SolutionConfigurationPlatforms) = preSolution
		Debug|Any CPU = Debug|Any CPU
		Release|Any CPU = Release|Any CPU
	EndGlobalSection
	GlobalSection(ProjectConfigurationPlatforms) = postSolution
		{C9C0B0C1-AFDC-4C39-9292-36DB3E8B8378}.Debug|Any CPU.ActiveCfg = Debug|Any CPU
		{C9C0B0C1-AFDC-4C39-9292-36DB3E8B8378}.Debug|Any CPU.Build.0 = Debug|Any CPU
		{C9C0B0C1-AFDC-4C39-9292-36DB3E8B8378}.Release|Any CPU.ActiveCfg = Release|Any CPU
		{C9C0B0C1-AFDC-4C39-9292-36DB3E8B8378}.Release|Any CPU.Build.0 = Release|Any CPU
	EndGlobalSection
	GlobalSection(SolutionProperties) = preSolution
		HideSolutionNode = FALSE
	EndGlobalSection
	GlobalSection(ExtensibilityGlobals) = postSolution
		SolutionGuid = {B83082BE-5391-48CE-842A-4294F0CA51B2}
	EndGlobalSection
EndGlobal
